
Microsoft Visual Studio Solution File, Format Version 12.00
# Visual Studio 15
VisualStudioVersion = 15.0.28010.2016
MinimumVisualStudioVersion = 10.0.40219.1
Project("{8BC9CEB8-8B4A-11D0-8D11-00A0C91BC942}") = "step02", "step02.vcxproj", "{7887C44C-1CB8-4684-B550-FA20E5B078B0}"
EndProject
Global
	GlobalSection(SolutionConfigurationPlatforms) = preSolution
		Debug|x64 = Debug|x64
		Debug|x86 = Debug|x86
		Release|x64 = Release|x64
		Release|x86 = Release|x86
	EndGlobalSection
	GlobalSection(ProjectConfigurationPlatforms) = postSolution
		{7887C44C-1CB8-4684-B550-FA20E5B078B0}.Debug|x64.ActiveCfg = Debug|x64
		{7887C44C-1CB8-4684-B550-FA20E5B078B0}.Debug|x64.Build.0 = Debug|x64
		{7887C44C-1CB8-4684-B550-FA20E5B078B0}.Debug|x86.ActiveCfg = Debug|Win32
		{7887C44C-1CB8-4684-B550-FA20E5B078B0}.Debug|x86.Build.0 = Debug|Win32
		{7887C44C-1CB8-4684-B550-FA20E5B078B0}.Release|x64.ActiveCfg = Release|x64
		{7887C44C-1CB8-4684-B550-FA20E5B078B0}.Release|x64.Build.0 = Release|x64
		{7887C44C-1CB8-4684-B550-FA20E5B078B0}.Release|x86.ActiveCfg = Release|Win32
		{7887C44C-1CB8-4684-B550-FA20E5B078B0}.Release|x86.Build.0 = Release|Win32
	EndGlobalSection
	GlobalSection(SolutionProperties) = preSolution
		HideSolutionNode = FALSE
	EndGlobalSection
	GlobalSection(ExtensibilityGlobals) = postSolution
		SolutionGuid = {5E8D4943-B4A0-4196-8B11-98B9869148D1}
	EndGlobalSection
EndGlobal
